
Microsoft Visual Studio Solution File, Format Version 12.00
# Visual Studio Version 17
VisualStudioVersion = 17.2.32516.85
MinimumVisualStudioVersion = 10.0.40219.1
Project("{FAE04EC0-301F-11D3-BF4B-00C04F79EFBC}") = "DAEA_LAB14_HttpClient", "DAEA_LAB13_HttpClient\DAEA_LAB14_HttpClient.csproj", "{6CD65CCD-07CC-49FF-A4FE-5356D32986D8}"
EndProject
Global
	GlobalSection(SolutionConfigurationPlatforms) = preSolution
		Debug|Any CPU = Debug|Any CPU
		Release|Any CPU = Release|Any CPU
	EndGlobalSection
	GlobalSection(ProjectConfigurationPlatforms) = postSolution
		{6CD65CCD-07CC-49FF-A4FE-5356D32986D8}.Debug|Any CPU.ActiveCfg = Debug|Any CPU
		{6CD65CCD-07CC-49FF-A4FE-5356D32986D8}.Debug|Any CPU.Build.0 = Debug|Any CPU
		{6CD65CCD-07CC-49FF-A4FE-5356D32986D8}.Release|Any CPU.ActiveCfg = Release|Any CPU
		{6CD65CCD-07CC-49FF-A4FE-5356D32986D8}.Release|Any CPU.Build.0 = Release|Any CPU
	EndGlobalSection
	GlobalSection(SolutionProperties) = preSolution
		HideSolutionNode = FALSE
	EndGlobalSection
	GlobalSection(ExtensibilityGlobals) = postSolution
		SolutionGuid = {12BD7993-FEEB-4984-92E9-98C4D7F79315}
	EndGlobalSection
EndGlobal
